
Microsoft Visual Studio Solution File, Format Version 11.00
# Visual Studio 2010
Project("{FAE04EC0-301F-11D3-BF4B-00C04F79EFBC}") = "TryFinally", "TryFinally\TryFinally.csproj", "{4FE83A81-DBE6-443A-9D49-21685E9962A4}"
EndProject
Project("{FAE04EC0-301F-11D3-BF4B-00C04F79EFBC}") = "StreamsAndFiles", "StreamsAndFiles\StreamsAndFiles.csproj", "{7E148E26-FAF4-45BF-B7EA-384F71B48109}"
EndProject
Global
	GlobalSection(SolutionConfigurationPlatforms) = preSolution
		Debug|Any CPU = Debug|Any CPU
		Release|Any CPU = Release|Any CPU
	EndGlobalSection
	GlobalSection(ProjectConfigurationPlatforms) = postSolution
		{4FE83A81-DBE6-443A-9D49-21685E9962A4}.Debug|Any CPU.ActiveCfg = Debug|Any CPU
		{4FE83A81-DBE6-443A-9D49-21685E9962A4}.Debug|Any CPU.Build.0 = Debug|Any CPU
		{4FE83A81-DBE6-443A-9D49-21685E9962A4}.Release|Any CPU.ActiveCfg = Release|Any CPU
		{4FE83A81-DBE6-443A-9D49-21685E9962A4}.Release|Any CPU.Build.0 = Release|Any CPU
		{7E148E26-FAF4-45BF-B7EA-384F71B48109}.Debug|Any CPU.ActiveCfg = Debug|Any CPU
		{7E148E26-FAF4-45BF-B7EA-384F71B48109}.Debug|Any CPU.Build.0 = Debug|Any CPU
		{7E148E26-FAF4-45BF-B7EA-384F71B48109}.Release|Any CPU.ActiveCfg = Release|Any CPU
		{7E148E26-FAF4-45BF-B7EA-384F71B48109}.Release|Any CPU.Build.0 = Release|Any CPU
	EndGlobalSection
	GlobalSection(SolutionProperties) = preSolution
		HideSolutionNode = FALSE
	EndGlobalSection
EndGlobal
